
Microsoft Visual Studio Solution File, Format Version 12.00
# Visual Studio 15
VisualStudioVersion = 15.0.26124.0
MinimumVisualStudioVersion = 15.0.26124.0
Project("{2150E333-8FDC-42A3-9474-1A3956D46DE8}") = "src", "src", "{28EBF1E4-96DE-493C-9C73-78B214CFDBEC}"
EndProject
Project("{FAE04EC0-301F-11D3-BF4B-00C04F79EFBC}") = "CommandAPI", "src\CommandAPI\CommandAPI.csproj", "{A70EBAF0-E297-414A-930D-22E0E5EF6766}"
EndProject
Project("{2150E333-8FDC-42A3-9474-1A3956D46DE8}") = "test", "test", "{B6F13126-61C0-45C6-8DD0-21165F882FE2}"
EndProject
Project("{FAE04EC0-301F-11D3-BF4B-00C04F79EFBC}") = "CommandAPI.Tests", "test\CommandAPI.Tests\CommandAPI.Tests.csproj", "{10C4348F-917B-42CA-A9FA-0FD1C7C817B3}"
EndProject
Global
	GlobalSection(SolutionConfigurationPlatforms) = preSolution
		Debug|Any CPU = Debug|Any CPU
		Debug|x64 = Debug|x64
		Debug|x86 = Debug|x86
		Release|Any CPU = Release|Any CPU
		Release|x64 = Release|x64
		Release|x86 = Release|x86
	EndGlobalSection
	GlobalSection(SolutionProperties) = preSolution
		HideSolutionNode = FALSE
	EndGlobalSection
	GlobalSection(ProjectConfigurationPlatforms) = postSolution
		{A70EBAF0-E297-414A-930D-22E0E5EF6766}.Debug|Any CPU.ActiveCfg = Debug|Any CPU
		{A70EBAF0-E297-414A-930D-22E0E5EF6766}.Debug|Any CPU.Build.0 = Debug|Any CPU
		{A70EBAF0-E297-414A-930D-22E0E5EF6766}.Debug|x64.ActiveCfg = Debug|Any CPU
		{A70EBAF0-E297-414A-930D-22E0E5EF6766}.Debug|x64.Build.0 = Debug|Any CPU
		{A70EBAF0-E297-414A-930D-22E0E5EF6766}.Debug|x86.ActiveCfg = Debug|Any CPU
		{A70EBAF0-E297-414A-930D-22E0E5EF6766}.Debug|x86.Build.0 = Debug|Any CPU
		{A70EBAF0-E297-414A-930D-22E0E5EF6766}.Release|Any CPU.ActiveCfg = Release|Any CPU
		{A70EBAF0-E297-414A-930D-22E0E5EF6766}.Release|Any CPU.Build.0 = Release|Any CPU
		{A70EBAF0-E297-414A-930D-22E0E5EF6766}.Release|x64.ActiveCfg = Release|Any CPU
		{A70EBAF0-E297-414A-930D-22E0E5EF6766}.Release|x64.Build.0 = Release|Any CPU
		{A70EBAF0-E297-414A-930D-22E0E5EF6766}.Release|x86.ActiveCfg = Release|Any CPU
		{A70EBAF0-E297-414A-930D-22E0E5EF6766}.Release|x86.Build.0 = Release|Any CPU
		{10C4348F-917B-42CA-A9FA-0FD1C7C817B3}.Debug|Any CPU.ActiveCfg = Debug|Any CPU
		{10C4348F-917B-42CA-A9FA-0FD1C7C817B3}.Debug|Any CPU.Build.0 = Debug|Any CPU
		{10C4348F-917B-42CA-A9FA-0FD1C7C817B3}.Debug|x64.ActiveCfg = Debug|Any CPU
		{10C4348F-917B-42CA-A9FA-0FD1C7C817B3}.Debug|x64.Build.0 = Debug|Any CPU
		{10C4348F-917B-42CA-A9FA-0FD1C7C817B3}.Debug|x86.ActiveCfg = Debug|Any CPU
		{10C4348F-917B-42CA-A9FA-0FD1C7C817B3}.Debug|x86.Build.0 = Debug|Any CPU
		{10C4348F-917B-42CA-A9FA-0FD1C7C817B3}.Release|Any CPU.ActiveCfg = Release|Any CPU
		{10C4348F-917B-42CA-A9FA-0FD1C7C817B3}.Release|Any CPU.Build.0 = Release|Any CPU
		{10C4348F-917B-42CA-A9FA-0FD1C7C817B3}.Release|x64.ActiveCfg = Release|Any CPU
		{10C4348F-917B-42CA-A9FA-0FD1C7C817B3}.Release|x64.Build.0 = Release|Any CPU
		{10C4348F-917B-42CA-A9FA-0FD1C7C817B3}.Release|x86.ActiveCfg = Release|Any CPU
		{10C4348F-917B-42CA-A9FA-0FD1C7C817B3}.Release|x86.Build.0 = Release|Any CPU
	EndGlobalSection
	GlobalSection(NestedProjects) = preSolution
		{A70EBAF0-E297-414A-930D-22E0E5EF6766} = {28EBF1E4-96DE-493C-9C73-78B214CFDBEC}
		{10C4348F-917B-42CA-A9FA-0FD1C7C817B3} = {B6F13126-61C0-45C6-8DD0-21165F882FE2}
	EndGlobalSection
EndGlobal
